
Microsoft Visual Studio Solution File, Format Version 12.00
# Visual Studio Version 17
VisualStudioVersion = 17.1.32113.165
MinimumVisualStudioVersion = 10.0.40219.1
Project("{9A19103F-16F7-4668-BE54-9A1E7A4F7556}") = "WaveFunctionCollapse", "WaveFunctionCollapse\WaveFunctionCollapse.csproj", "{BA902D16-6956-496C-9A45-EA4AFD820FB5}"
EndProject
Project("{FAE04EC0-301F-11D3-BF4B-00C04F79EFBC}") = "WaveFunctionCollapseLib", "WaveFunctionCollapseLib\WaveFunctionCollapseLib.csproj", "{E2BD9A54-8E91-469C-962E-F92443106ED5}"
EndProject
Project("{2150E333-8FDC-42A3-9474-1A3956D46DE8}") = "Solution Items", "Solution Items", "{33286CB6-6ED6-4ECA-9E1A-4507143253E3}"
	ProjectSection(SolutionItems) = preProject
		.editorconfig = .editorconfig
	EndProjectSection
EndProject
Global
	GlobalSection(SolutionConfigurationPlatforms) = preSolution
		Debug|Any CPU = Debug|Any CPU
		Release|Any CPU = Release|Any CPU
	EndGlobalSection
	GlobalSection(ProjectConfigurationPlatforms) = postSolution
		{BA902D16-6956-496C-9A45-EA4AFD820FB5}.Debug|Any CPU.ActiveCfg = Debug|Any CPU
		{BA902D16-6956-496C-9A45-EA4AFD820FB5}.Debug|Any CPU.Build.0 = Debug|Any CPU
		{BA902D16-6956-496C-9A45-EA4AFD820FB5}.Release|Any CPU.ActiveCfg = Release|Any CPU
		{BA902D16-6956-496C-9A45-EA4AFD820FB5}.Release|Any CPU.Build.0 = Release|Any CPU
		{E2BD9A54-8E91-469C-962E-F92443106ED5}.Debug|Any CPU.ActiveCfg = Debug|Any CPU
		{E2BD9A54-8E91-469C-962E-F92443106ED5}.Debug|Any CPU.Build.0 = Debug|Any CPU
		{E2BD9A54-8E91-469C-962E-F92443106ED5}.Release|Any CPU.ActiveCfg = Release|Any CPU
		{E2BD9A54-8E91-469C-962E-F92443106ED5}.Release|Any CPU.Build.0 = Release|Any CPU
	EndGlobalSection
	GlobalSection(SolutionProperties) = preSolution
		HideSolutionNode = FALSE
	EndGlobalSection
	GlobalSection(ExtensibilityGlobals) = postSolution
		SolutionGuid = {FB65137D-5750-46A8-8B4C-F3A679215FB5}
	EndGlobalSection
EndGlobal
